
Microsoft Visual Studio Solution File, Format Version 12.00
# Visual Studio Version 16
VisualStudioVersion = 16.0.29920.165
MinimumVisualStudioVersion = 10.0.40219.1
Project("{FAE04EC0-301F-11D3-BF4B-00C04F79EFBC}") = "Token_netcore3", "Token_netcore3.csproj", "{DB2A3077-8FE8-4327-BE68-A888C4086C1D}"
EndProject
Global
	GlobalSection(SolutionConfigurationPlatforms) = preSolution
		Debug|Any CPU = Debug|Any CPU
		Release|Any CPU = Release|Any CPU
	EndGlobalSection
	GlobalSection(ProjectConfigurationPlatforms) = postSolution
		{DB2A3077-8FE8-4327-BE68-A888C4086C1D}.Debug|Any CPU.ActiveCfg = Debug|Any CPU
		{DB2A3077-8FE8-4327-BE68-A888C4086C1D}.Debug|Any CPU.Build.0 = Debug|Any CPU
		{DB2A3077-8FE8-4327-BE68-A888C4086C1D}.Release|Any CPU.ActiveCfg = Release|Any CPU
		{DB2A3077-8FE8-4327-BE68-A888C4086C1D}.Release|Any CPU.Build.0 = Release|Any CPU
	EndGlobalSection
	GlobalSection(SolutionProperties) = preSolution
		HideSolutionNode = FALSE
	EndGlobalSection
	GlobalSection(ExtensibilityGlobals) = postSolution
		SolutionGuid = {39DE9502-E471-4007-B415-410ED56C4678}
	EndGlobalSection
EndGlobal
